
Microsoft Visual Studio Solution File, Format Version 12.00
# Visual Studio 15
VisualStudioVersion = 15.0.27004.2002
MinimumVisualStudioVersion = 10.0.40219.1
Project("{FAE04EC0-301F-11D3-BF4B-00C04F79EFBC}") = "UnitTest_JsonValidator", "UnitTest_JsonValidator\UnitTest_JsonValidator.csproj", "{1C376DBE-54EC-4DDE-A539-C05B821DABD4}"
EndProject
Project("{FAE04EC0-301F-11D3-BF4B-00C04F79EFBC}") = "JsonValidator", "..\JsonValidator\JsonValidator\JsonValidator\JsonValidator.csproj", "{79D5EE1D-1FC0-43E0-B630-39D2E7F59CFF}"
EndProject
Global
	GlobalSection(SolutionConfigurationPlatforms) = preSolution
		Debug|Any CPU = Debug|Any CPU
		Release|Any CPU = Release|Any CPU
	EndGlobalSection
	GlobalSection(ProjectConfigurationPlatforms) = postSolution
		{1C376DBE-54EC-4DDE-A539-C05B821DABD4}.Debug|Any CPU.ActiveCfg = Debug|Any CPU
		{1C376DBE-54EC-4DDE-A539-C05B821DABD4}.Debug|Any CPU.Build.0 = Debug|Any CPU
		{1C376DBE-54EC-4DDE-A539-C05B821DABD4}.Release|Any CPU.ActiveCfg = Release|Any CPU
		{1C376DBE-54EC-4DDE-A539-C05B821DABD4}.Release|Any CPU.Build.0 = Release|Any CPU
		{79D5EE1D-1FC0-43E0-B630-39D2E7F59CFF}.Debug|Any CPU.ActiveCfg = Debug|Any CPU
		{79D5EE1D-1FC0-43E0-B630-39D2E7F59CFF}.Debug|Any CPU.Build.0 = Debug|Any CPU
		{79D5EE1D-1FC0-43E0-B630-39D2E7F59CFF}.Release|Any CPU.ActiveCfg = Release|Any CPU
		{79D5EE1D-1FC0-43E0-B630-39D2E7F59CFF}.Release|Any CPU.Build.0 = Release|Any CPU
	EndGlobalSection
	GlobalSection(SolutionProperties) = preSolution
		HideSolutionNode = FALSE
	EndGlobalSection
	GlobalSection(ExtensibilityGlobals) = postSolution
		SolutionGuid = {A4F091C6-D5DC-4199-89D5-64463B5AF8DE}
	EndGlobalSection
EndGlobal
